[{<<"bear">>,
  {git,"git://github.com/basho/bear.git",
       {ref,"da820a13c607c3f816ee8b83c587266da5389761"}},
  1},
 {<<"cuttlefish">>,
  {git,"https://github.com/tsloughter/cuttlefish.git",
       {ref,"f5f6fdc1b0dd8ebe909b81f0b38f5715d4e869e6"}},
  0},
 {<<"edown">>,
  {git,"https://github.com/uwiger/edown.git",
       {ref,"c770057f72d2163c718b26e49c572aefe0798ca9"}},
  0},
 {<<"elarm">>,
  {git,"https://github.com/esl/elarm.git",
       {ref,"e431b329d00b90bd361e7e8b08e13eb815d0ec7e"}},
  0},
 {<<"eper">>,{pkg,<<"eper">>,<<"0.94.0">>},0},
 {<<"fifo_utils">>,{pkg,<<"fifo_utils">>,<<"0.1.16">>},0},
 {<<"folsom">>,
  {git,"https://github.com/basho/folsom.git",
       {ref,"72944523b6467c9f7add5f1c96dd5020424a2681"}},
  0},
 {<<"gen_leader">>,
  {git,"git://github.com/abecciu/gen_leader_revival.git",
       {ref,"a119cb9a39f94254247962bce4616b6f607cca80"}},
  1},
 {<<"getopt">>,
  {git,"git://github.com/jcomellas/getopt.git",
       {ref,"659a28f4145bc9843598972854299dc4ea77e4cb"}},
  1},
 {<<"goldrush">>,{pkg,<<"goldrush">>,<<"0.1.6">>},1},
 {<<"gproc">>,
  {git,"https://github.com/uwiger/gproc.git",
       {ref,"1b81e72fd5005b817794d6baa6d08da3faf8b179"}},
  0},
 {<<"lager">>,{pkg,<<"lager">>,<<"2.1.1">>},0},
 {<<"meck">>,
  {git,"git://github.com/basho/meck.git",
       {ref,"dde759050eff19a1a80fd854d7375174b191665d"}},
  1},
 {<<"neotoma">>,
  {git,"git://github.com/seancribbs/neotoma.git",
       {ref,"760928ec8870da02eb11bccb501e2700925d06c6"}},
  1},
 {<<"ranch">>,{pkg,<<"ranch">>,<<"1.1.0">>},0},
 {<<"recon">>,{pkg,<<"recon">>,<<"2.2.1">>},0},
 {<<"uuid">>,
  {git,"https://github.com/project-fifo/erlang-uuid.git",
       {ref,"c28d740d878e91a075ee3d888ba15131d136e0d2"}},
  0}].
